
Microsoft Visual Studio Solution File, Format Version 12.00
# Visual Studio Version 17
VisualStudioVersion = 17.8.34525.116
MinimumVisualStudioVersion = 10.0.40219.1
Project("{FAE04EC0-301F-11D3-BF4B-00C04F79EFBC}") = "CleanCode", "CleanCode\CleanCode.csproj", "{C66D1026-06AE-48F6-81D9-5425584D4D62}"
EndProject
Project("{FAE04EC0-301F-11D3-BF4B-00C04F79EFBC}") = "OOP", "OOP\OOP.csproj", "{7070BDDF-F0F0-40F5-B012-1DBFED1F2475}"
EndProject
Global
	GlobalSection(SolutionConfigurationPlatforms) = preSolution
		Debug|Any CPU = Debug|Any CPU
		Release|Any CPU = Release|Any CPU
	EndGlobalSection
	GlobalSection(ProjectConfigurationPlatforms) = postSolution
		{C66D1026-06AE-48F6-81D9-5425584D4D62}.Debug|Any CPU.ActiveCfg = Debug|Any CPU
		{C66D1026-06AE-48F6-81D9-5425584D4D62}.Debug|Any CPU.Build.0 = Debug|Any CPU
		{C66D1026-06AE-48F6-81D9-5425584D4D62}.Release|Any CPU.ActiveCfg = Release|Any CPU
		{C66D1026-06AE-48F6-81D9-5425584D4D62}.Release|Any CPU.Build.0 = Release|Any CPU
		{7070BDDF-F0F0-40F5-B012-1DBFED1F2475}.Debug|Any CPU.ActiveCfg = Debug|Any CPU
		{7070BDDF-F0F0-40F5-B012-1DBFED1F2475}.Debug|Any CPU.Build.0 = Debug|Any CPU
		{7070BDDF-F0F0-40F5-B012-1DBFED1F2475}.Release|Any CPU.ActiveCfg = Release|Any CPU
		{7070BDDF-F0F0-40F5-B012-1DBFED1F2475}.Release|Any CPU.Build.0 = Release|Any CPU
	EndGlobalSection
	GlobalSection(SolutionProperties) = preSolution
		HideSolutionNode = FALSE
	EndGlobalSection
	GlobalSection(ExtensibilityGlobals) = postSolution
		SolutionGuid = {70780AFB-A0BB-40DB-9407-AF72610A7FCE}
	EndGlobalSection
EndGlobal
